
Microsoft Visual Studio Solution File, Format Version 12.00
# Visual Studio 15
VisualStudioVersion = 15.0.28307.106
MinimumVisualStudioVersion = 10.0.40219.1
Project("{8BC9CEB8-8B4A-11D0-8D11-00A0C91BC942}") = "Circuits", "Circuits\Circuits.vcxproj", "{7A40DA09-F287-4589-B9F4-618069645675}"
EndProject
Global
	GlobalSection(SolutionConfigurationPlatforms) = preSolution
		Debug|x64 = Debug|x64
		Debug|x86 = Debug|x86
		Release|x64 = Release|x64
		Release|x86 = Release|x86
	EndGlobalSection
	GlobalSection(ProjectConfigurationPlatforms) = postSolution
		{7A40DA09-F287-4589-B9F4-618069645675}.Debug|x64.ActiveCfg = Debug|x64
		{7A40DA09-F287-4589-B9F4-618069645675}.Debug|x64.Build.0 = Debug|x64
		{7A40DA09-F287-4589-B9F4-618069645675}.Debug|x86.ActiveCfg = Debug|Win32
		{7A40DA09-F287-4589-B9F4-618069645675}.Debug|x86.Build.0 = Debug|Win32
		{7A40DA09-F287-4589-B9F4-618069645675}.Release|x64.ActiveCfg = Release|x64
		{7A40DA09-F287-4589-B9F4-618069645675}.Release|x64.Build.0 = Release|x64
		{7A40DA09-F287-4589-B9F4-618069645675}.Release|x86.ActiveCfg = Release|Win32
		{7A40DA09-F287-4589-B9F4-618069645675}.Release|x86.Build.0 = Release|Win32
	EndGlobalSection
	GlobalSection(SolutionProperties) = preSolution
		HideSolutionNode = FALSE
	EndGlobalSection
	GlobalSection(ExtensibilityGlobals) = postSolution
		SolutionGuid = {EB7DCB1B-A4A3-47A6-AB18-1AFFDA917C7F}
	EndGlobalSection
EndGlobal
